// !$*UTF8*$!
{
	archiveVersion = 1;
	classes = {
	};
	objectVersion = 56;
	objects = {

/* Begin PBXBuildFile section */
		533EB126990528C107961C75 /* Pods_PicMorph.framework in Frameworks */ = {isa = PBXBuildFile; fileRef = 2CB3F07F3E95954F46C55EA6 /* Pods_PicMorph.framework */; };
		8468C6F82930E6380060335B /* AppDelegate.swift in Sources */ = {isa = PBXBuildFile; fileRef = 8468C6F72930E6380060335B /* AppDelegate.swift */; };
		8468C6FA2930E6380060335B /* SceneDelegate.swift in Sources */ = {isa = PBXBuildFile; fileRef = 8468C6F92930E6380060335B /* SceneDelegate.swift */; };
		8468C6FF2930E6380060335B /* Main.storyboard in Resources */ = {isa = PBXBuildFile; fileRef = 8468C6FD2930E6380060335B /* Main.storyboard */; };
		8468C7012930E6390060335B /* Assets.xcassets in Resources */ = {isa = PBXBuildFile; fileRef = 8468C7002930E6390060335B /* Assets.xcassets */; };
		8468C7042930E6390060335B /* LaunchScreen.storyboard in Resources */ = {isa = PBXBuildFile; fileRef = 8468C7022930E6390060335B /* LaunchScreen.storyboard */; };
		8468C7102930E9090060335B /* EffectModel.swift in Sources */ = {isa = PBXBuildFile; fileRef = 8468C70F2930E9090060335B /* EffectModel.swift */; };
		8468C7132930E9900060335B /* BarController.swift in Sources */ = {isa = PBXBuildFile; fileRef = 8468C7122930E9900060335B /* BarController.swift */; };
		8468C71E2930EA700060335B /* HomeVC.swift in Sources */ = {isa = PBXBuildFile; fileRef = 8468C71C2930EA700060335B /* HomeVC.swift */; };
		8468C71F2930EA700060335B /* HomeVC.xib in Resources */ = {isa = PBXBuildFile; fileRef = 8468C71D2930EA700060335B /* HomeVC.xib */; };
		8468C7292930EB180060335B /* ResultVC.swift in Sources */ = {isa = PBXBuildFile; fileRef = 8468C7272930EB180060335B /* ResultVC.swift */; };
		8468C72A2930EB180060335B /* ResultVC.xib in Resources */ = {isa = PBXBuildFile; fileRef = 8468C7282930EB180060335B /* ResultVC.xib */; };
		8468C7312930EB6B0060335B /* SavedPicVC.swift in Sources */ = {isa = PBXBuildFile; fileRef = 8468C72F2930EB6B0060335B /* SavedPicVC.swift */; };
		8468C7322930EB6B0060335B /* SavedPicVC.xib in Resources */ = {isa = PBXBuildFile; fileRef = 8468C7302930EB6B0060335B /* SavedPicVC.xib */; };
		8468C7362930ECAB0060335B /* EffectCell.swift in Sources */ = {isa = PBXBuildFile; fileRef = 8468C7342930ECAB0060335B /* EffectCell.swift */; };
		8468C7372930ECAB0060335B /* EffectCell.xib in Resources */ = {isa = PBXBuildFile; fileRef = 8468C7352930ECAB0060335B /* EffectCell.xib */; };
		8468C73B293106E10060335B /* HistoryVC.swift in Sources */ = {isa = PBXBuildFile; fileRef = 8468C739293106E10060335B /* HistoryVC.swift */; };
		8468C73C293106E10060335B /* HistoryVC.xib in Resources */ = {isa = PBXBuildFile; fileRef = 8468C73A293106E10060335B /* HistoryVC.xib */; };
		8468C744293128A40060335B /* PhotoVC.swift in Sources */ = {isa = PBXBuildFile; fileRef = 8468C742293128A40060335B /* PhotoVC.swift */; };
		8468C745293128A40060335B /* PhotoVC.xib in Resources */ = {isa = PBXBuildFile; fileRef = 8468C743293128A40060335B /* PhotoVC.xib */; };
/* End PBXBuildFile section */

/* Begin PBXFileReference section */
		2BE8A5BF693BD7541DEEE31C /* Pods-PicMorph.release.xcconfig */ = {isa = PBXFileReference; includeInIndex = 1; lastKnownFileType = text.xcconfig; name = "Pods-PicMorph.release.xcconfig"; path = "Target Support Files/Pods-PicMorph/Pods-PicMorph.release.xcconfig"; sourceTree = "<group>"; };
		2CB3F07F3E95954F46C55EA6 /* Pods_PicMorph.framework */ = {isa = PBXFileReference; explicitFileType = wrapper.framework; includeInIndex = 0; path = Pods_PicMorph.framework; sourceTree = BUILT_PRODUCTS_DIR; };
		8468C6F42930E6380060335B /* PicMorph.app */ = {isa = PBXFileReference; explicitFileType = wrapper.application; includeInIndex = 0; path = PicMorph.app; sourceTree = BUILT_PRODUCTS_DIR; };
		8468C6F72930E6380060335B /* AppDelegate.swift */ = {isa = PBXFileReference; lastKnownFileType = sourcecode.swift; path = AppDelegate.swift; sourceTree = "<group>"; };
		8468C6F92930E6380060335B /* SceneDelegate.swift */ = {isa = PBXFileReference; lastKnownFileType = sourcecode.swift; path = SceneDelegate.swift; sourceTree = "<group>"; };
		8468C6FE2930E6380060335B /* Base */ = {isa = PBXFileReference; lastKnownFileType = file.storyboard; name = Base; path = Base.lproj/Main.storyboard; sourceTree = "<group>"; };
		8468C7002930E6390060335B /* Assets.xcassets */ = {isa = PBXFileReference; lastKnownFileType = folder.assetcatalog; path = Assets.xcassets; sourceTree = "<group>"; };
		8468C7032930E6390060335B /* Base */ = {isa = PBXFileReference; lastKnownFileType = file.storyboard; name = Base; path = Base.lproj/LaunchScreen.storyboard; sourceTree = "<group>"; };
		8468C7052930E6390060335B /* Info.plist */ = {isa = PBXFileReference; lastKnownFileType = text.plist.xml; path = Info.plist; sourceTree = "<group>"; };
		8468C70F2930E9090060335B /* EffectModel.swift */ = {isa = PBXFileReference; lastKnownFileType = sourcecode.swift; path = EffectModel.swift; sourceTree = "<group>"; };
		8468C7122930E9900060335B /* BarController.swift */ = {isa = PBXFileReference; lastKnownFileType = sourcecode.swift; path = BarController.swift; sourceTree = "<group>"; };
		8468C71C2930EA700060335B /* HomeVC.swift */ = {isa = PBXFileReference; lastKnownFileType = sourcecode.swift; path = HomeVC.swift; sourceTree = "<group>"; };
		8468C71D2930EA700060335B /* HomeVC.xib */ = {isa = PBXFileReference; lastKnownFileType = file.xib; path = HomeVC.xib; sourceTree = "<group>"; };
		8468C7272930EB180060335B /* ResultVC.swift */ = {isa = PBXFileReference; lastKnownFileType = sourcecode.swift; path = ResultVC.swift; sourceTree = "<group>"; };
		8468C7282930EB180060335B /* ResultVC.xib */ = {isa = PBXFileReference; lastKnownFileType = file.xib; path = ResultVC.xib; sourceTree = "<group>"; };
		8468C72F2930EB6B0060335B /* SavedPicVC.swift */ = {isa = PBXFileReference; lastKnownFileType = sourcecode.swift; path = SavedPicVC.swift; sourceTree = "<group>"; };
		8468C7302930EB6B0060335B /* SavedPicVC.xib */ = {isa = PBXFileReference; lastKnownFileType = file.xib; path = SavedPicVC.xib; sourceTree = "<group>"; };
		8468C7342930ECAB0060335B /* EffectCell.swift */ = {isa = PBXFileReference; lastKnownFileType = sourcecode.swift; path = EffectCell.swift; sourceTree = "<group>"; };
		8468C7352930ECAB0060335B /* EffectCell.xib */ = {isa = PBXFileReference; lastKnownFileType = file.xib; path = EffectCell.xib; sourceTree = "<group>"; };
		8468C739293106E10060335B /* HistoryVC.swift */ = {isa = PBXFileReference; lastKnownFileType = sourcecode.swift; path = HistoryVC.swift; sourceTree = "<group>"; };
		8468C73A293106E10060335B /* HistoryVC.xib */ = {isa = PBXFileReference; lastKnownFileType = file.xib; path = HistoryVC.xib; sourceTree = "<group>"; };
		8468C742293128A40060335B /* PhotoVC.swift */ = {isa = PBXFileReference; lastKnownFileType = sourcecode.swift; path = PhotoVC.swift; sourceTree = "<group>"; };
		8468C743293128A40060335B /* PhotoVC.xib */ = {isa = PBXFileReference; lastKnownFileType = file.xib; path = PhotoVC.xib; sourceTree = "<group>"; };
		A6D75D52897260BE1531FFBA /* Pods-PicMorph.debug.xcconfig */ = {isa = PBXFileReference; includeInIndex = 1; lastKnownFileType = text.xcconfig; name = "Pods-PicMorph.debug.xcconfig"; path = "Target Support Files/Pods-PicMorph/Pods-PicMorph.debug.xcconfig"; sourceTree = "<group>"; };
/* End PBXFileReference section */

/* Begin PBXFrameworksBuildPhase section */
		8468C6F12930E6380060335B /* Frameworks */ = {
			isa = PBXFrameworksBuildPhase;
			buildActionMask = 2147483647;
			files = (
				533EB126990528C107961C75 /* Pods_PicMorph.framework in Frameworks */,
			);
			runOnlyForDeploymentPostprocessing = 0;
		};
/* End PBXFrameworksBuildPhase section */

/* Begin PBXGroup section */
		308AD9719D74D9D81DE253BA /* Pods */ = {
			isa = PBXGroup;
			children = (
				A6D75D52897260BE1531FFBA /* Pods-PicMorph.debug.xcconfig */,
				2BE8A5BF693BD7541DEEE31C /* Pods-PicMorph.release.xcconfig */,
			);
			path = Pods;
			sourceTree = "<group>";
		};
		8468C6EB2930E6380060335B = {
			isa = PBXGroup;
			children = (
				8468C6F62930E6380060335B /* PicMorph */,
				8468C6F52930E6380060335B /* Products */,
				308AD9719D74D9D81DE253BA /* Pods */,
				AB89800A6D12B3C8DB7889D4 /* Frameworks */,
			);
			sourceTree = "<group>";
		};
		8468C6F52930E6380060335B /* Products */ = {
			isa = PBXGroup;
			children = (
				8468C6F42930E6380060335B /* PicMorph.app */,
			);
			name = Products;
			sourceTree = "<group>";
		};
		8468C6F62930E6380060335B /* PicMorph */ = {
			isa = PBXGroup;
			children = (
				8468C70B2930E8490060335B /* Model */,
				8468C70D2930E86B0060335B /* View */,
				8468C70E2930E8790060335B /* Controller */,
				8468C6F72930E6380060335B /* AppDelegate.swift */,
				8468C6F92930E6380060335B /* SceneDelegate.swift */,
				8468C6FD2930E6380060335B /* Main.storyboard */,
				8468C7002930E6390060335B /* Assets.xcassets */,
				8468C7022930E6390060335B /* LaunchScreen.storyboard */,
				8468C7052930E6390060335B /* Info.plist */,
			);
			path = PicMorph;
			sourceTree = "<group>";
		};
		8468C70B2930E8490060335B /* Model */ = {
			isa = PBXGroup;
			children = (
				8468C70F2930E9090060335B /* EffectModel.swift */,
			);
			path = Model;
			sourceTree = "<group>";
		};
		8468C70D2930E86B0060335B /* View */ = {
			isa = PBXGroup;
			children = (
				8468C7332930EC720060335B /* EffectCollectionViewCell */,
			);
			path = View;
			sourceTree = "<group>";
		};
		8468C70E2930E8790060335B /* Controller */ = {
			isa = PBXGroup;
			children = (
				8468C7112930E94D0060335B /* BarController */,
				8468C7142930E9C70060335B /* HomeBar */,
				8468C7152930E9D10060335B /* HistoryBar */,
			);
			path = Controller;
			sourceTree = "<group>";
		};
		8468C7112930E94D0060335B /* BarController */ = {
			isa = PBXGroup;
			children = (
				8468C7122930E9900060335B /* BarController.swift */,
			);
			path = BarController;
			sourceTree = "<group>";
		};
		8468C7142930E9C70060335B /* HomeBar */ = {
			isa = PBXGroup;
			children = (
				8468C7162930E9EA0060335B /* HomeVC */,
				8468C7412931286F0060335B /* PhotoVC */,
				8468C7262930EAFE0060335B /* ResultVC */,
			);
			path = HomeBar;
			sourceTree = "<group>";
		};
		8468C7152930E9D10060335B /* HistoryBar */ = {
			isa = PBXGroup;
			children = (
				8468C738293106BB0060335B /* HistoryVC */,
				8468C71B2930EA460060335B /* SavedPicVC */,
			);
			path = HistoryBar;
			sourceTree = "<group>";
		};
		8468C7162930E9EA0060335B /* HomeVC */ = {
			isa = PBXGroup;
			children = (
				8468C71C2930EA700060335B /* HomeVC.swift */,
				8468C71D2930EA700060335B /* HomeVC.xib */,
			);
			path = HomeVC;
			sourceTree = "<group>";
		};
		8468C71B2930EA460060335B /* SavedPicVC */ = {
			isa = PBXGroup;
			children = (
				8468C72F2930EB6B0060335B /* SavedPicVC.swift */,
				8468C7302930EB6B0060335B /* SavedPicVC.xib */,
			);
			path = SavedPicVC;
			sourceTree = "<group>";
		};
		8468C7262930EAFE0060335B /* ResultVC */ = {
			isa = PBXGroup;
			children = (
				8468C7272930EB180060335B /* ResultVC.swift */,
				8468C7282930EB180060335B /* ResultVC.xib */,
			);
			path = ResultVC;
			sourceTree = "<group>";
		};
		8468C7332930EC720060335B /* EffectCollectionViewCell */ = {
			isa = PBXGroup;
			children = (
				8468C7342930ECAB0060335B /* EffectCell.swift */,
				8468C7352930ECAB0060335B /* EffectCell.xib */,
			);
			path = EffectCollectionViewCell;
			sourceTree = "<group>";
		};
		8468C738293106BB0060335B /* HistoryVC */ = {
			isa = PBXGroup;
			children = (
				8468C739293106E10060335B /* HistoryVC.swift */,
				8468C73A293106E10060335B /* HistoryVC.xib */,
			);
			path = HistoryVC;
			sourceTree = "<group>";
		};
		8468C7412931286F0060335B /* PhotoVC */ = {
			isa = PBXGroup;
			children = (
				8468C742293128A40060335B /* PhotoVC.swift */,
				8468C743293128A40060335B /* PhotoVC.xib */,
			);
			path = PhotoVC;
			sourceTree = "<group>";
		};
		AB89800A6D12B3C8DB7889D4 /* Frameworks */ = {
			isa = PBXGroup;
			children = (
				2CB3F07F3E95954F46C55EA6 /* Pods_PicMorph.framework */,
			);
			name = Frameworks;
			sourceTree = "<group>";
		};
/* End PBXGroup section */

/* Begin PBXNativeTarget section */
		8468C6F32930E6380060335B /* PicMorph */ = {
			isa = PBXNativeTarget;
			buildConfigurationList = 8468C7082930E6390060335B /* Build configuration list for PBXNativeTarget "PicMorph" */;
			buildPhases = (
				00295744E48DE0606D44E664 /* [CP] Check Pods Manifest.lock */,
				8468C6F02930E6380060335B /* Sources */,
				8468C6F12930E6380060335B /* Frameworks */,
				8468C6F22930E6380060335B /* Resources */,
				FD1434A80FF211D6FED866A7 /* [CP] Embed Pods Frameworks */,
			);
			buildRules = (
			);
			dependencies = (
			);
			name = PicMorph;
			productName = PicMorph;
			productReference = 8468C6F42930E6380060335B /* PicMorph.app */;
			productType = "com.apple.product-type.application";
		};
/* End PBXNativeTarget section */

/* Begin PBXProject section */
		8468C6EC2930E6380060335B /* Project object */ = {
			isa = PBXProject;
			attributes = {
				BuildIndependentTargetsInParallel = 1;
				LastSwiftUpdateCheck = 1410;
				LastUpgradeCheck = 1410;
				TargetAttributes = {
					8468C6F32930E6380060335B = {
						CreatedOnToolsVersion = 14.1;
					};
				};
			};
			buildConfigurationList = 8468C6EF2930E6380060335B /* Build configuration list for PBXProject "PicMorph" */;
			compatibilityVersion = "Xcode 14.0";
			developmentRegion = en;
			hasScannedForEncodings = 0;
			knownRegions = (
				en,
				Base,
			);
			mainGroup = 8468C6EB2930E6380060335B;
			productRefGroup = 8468C6F52930E6380060335B /* Products */;
			projectDirPath = "";
			projectRoot = "";
			targets = (
				8468C6F32930E6380060335B /* PicMorph */,
			);
		};
/* End PBXProject section */

/* Begin PBXResourcesBuildPhase section */
		8468C6F22930E6380060335B /* Resources */ = {
			isa = PBXResourcesBuildPhase;
			buildActionMask = 2147483647;
			files = (
				8468C7042930E6390060335B /* LaunchScreen.storyboard in Resources */,
				8468C71F2930EA700060335B /* HomeVC.xib in Resources */,
				8468C7012930E6390060335B /* Assets.xcassets in Resources */,
				8468C745293128A40060335B /* PhotoVC.xib in Resources */,
				8468C73C293106E10060335B /* HistoryVC.xib in Resources */,
				8468C6FF2930E6380060335B /* Main.storyboard in Resources */,
				8468C72A2930EB180060335B /* ResultVC.xib in Resources */,
				8468C7372930ECAB0060335B /* EffectCell.xib in Resources */,
				8468C7322930EB6B0060335B /* SavedPicVC.xib in Resources */,
			);
			runOnlyForDeploymentPostprocessing = 0;
		};
/* End PBXResourcesBuildPhase section */

/* Begin PBXShellScriptBuildPhase section */
		00295744E48DE0606D44E664 /* [CP] Check Pods Manifest.lock */ = {
			isa = PBXShellScriptBuildPhase;
			buildActionMask = 2147483647;
			files = (
			);
			inputFileListPaths = (
			);
			inputPaths = (
				"${PODS_PODFILE_DIR_PATH}/Podfile.lock",
				"${PODS_ROOT}/Manifest.lock",
			);
			name = "[CP] Check Pods Manifest.lock";
			outputFileListPaths = (
			);
			outputPaths = (
				"$(DERIVED_FILE_DIR)/Pods-PicMorph-checkManifestLockResult.txt",
			);
			runOnlyForDeploymentPostprocessing = 0;
			shellPath = /bin/sh;
			shellScript = "diff \"${PODS_PODFILE_DIR_PATH}/Podfile.lock\" \"${PODS_ROOT}/Manifest.lock\" > /dev/null\nif [ $? != 0 ] ; then\n    # print error to STDERR\n    echo \"error: The sandbox is not in sync with the Podfile.lock. Run 'pod install' or update your CocoaPods installation.\" >&2\n    exit 1\nfi\n# This output is used by Xcode 'outputs' to avoid re-running this script phase.\necho \"SUCCESS\" > \"${SCRIPT_OUTPUT_FILE_0}\"\n";
			showEnvVarsInLog = 0;
		};
		FD1434A80FF211D6FED866A7 /* [CP] Embed Pods Frameworks */ = {
			isa = PBXShellScriptBuildPhase;
			buildActionMask = 2147483647;
			files = (
			);
			inputFileListPaths = (
				"${PODS_ROOT}/Target Support Files/Pods-PicMorph/Pods-PicMorph-frameworks-${CONFIGURATION}-input-files.xcfilelist",
			);
			name = "[CP] Embed Pods Frameworks";
			outputFileListPaths = (
				"${PODS_ROOT}/Target Support Files/Pods-PicMorph/Pods-PicMorph-frameworks-${CONFIGURATION}-output-files.xcfilelist",
			);
			runOnlyForDeploymentPostprocessing = 0;
			shellPath = /bin/sh;
			shellScript = "\"${PODS_ROOT}/Target Support Files/Pods-PicMorph/Pods-PicMorph-frameworks.sh\"\n";
			showEnvVarsInLog = 0;
		};
/* End PBXShellScriptBuildPhase section */

/* Begin PBXSourcesBuildPhase section */
		8468C6F02930E6380060335B /* Sources */ = {
			isa = PBXSourcesBuildPhase;
			buildActionMask = 2147483647;
			files = (
				8468C6F82930E6380060335B /* AppDelegate.swift in Sources */,
				8468C73B293106E10060335B /* HistoryVC.swift in Sources */,
				8468C71E2930EA700060335B /* HomeVC.swift in Sources */,
				8468C744293128A40060335B /* PhotoVC.swift in Sources */,
				8468C7102930E9090060335B /* EffectModel.swift in Sources */,
				8468C6FA2930E6380060335B /* SceneDelegate.swift in Sources */,
				8468C7292930EB180060335B /* ResultVC.swift in Sources */,
				8468C7132930E9900060335B /* BarController.swift in Sources */,
				8468C7362930ECAB0060335B /* EffectCell.swift in Sources */,
				8468C7312930EB6B0060335B /* SavedPicVC.swift in Sources */,
			);
			runOnlyForDeploymentPostprocessing = 0;
		};
/* End PBXSourcesBuildPhase section */

/* Begin PBXVariantGroup section */
		8468C6FD2930E6380060335B /* Main.storyboard */ = {
			isa = PBXVariantGroup;
			children = (
				8468C6FE2930E6380060335B /* Base */,
			);
			name = Main.storyboard;
			sourceTree = "<group>";
		};
		8468C7022930E6390060335B /* LaunchScreen.storyboard */ = {
			isa = PBXVariantGroup;
			children = (
				8468C7032930E6390060335B /* Base */,
			);
			name = LaunchScreen.storyboard;
			sourceTree = "<group>";
		};
/* End PBXVariantGroup section */

/* Begin XCBuildConfiguration section */
		8468C7062930E6390060335B /* Debug */ = {
			isa = XCBuildConfiguration;
			buildSettings = {
				ALWAYS_SEARCH_USER_PATHS = NO;
				CLANG_ANALYZER_NONNULL = YES;
				CLANG_ANALYZER_NUMBER_OBJECT_CONVERSION = YES_AGGRESSIVE;
				CLANG_CXX_LANGUAGE_STANDARD = "gnu++20";
				CLANG_ENABLE_MODULES = YES;
				CLANG_ENABLE_OBJC_ARC = YES;
				CLANG_ENABLE_OBJC_WEAK = YES;
				CLANG_WARN_BLOCK_CAPTURE_AUTORELEASING = YES;
				CLANG_WARN_BOOL_CONVERSION = YES;
				CLANG_WARN_COMMA = YES;
				CLANG_WARN_CONSTANT_CONVERSION = YES;
				CLANG_WARN_DEPRECATED_OBJC_IMPLEMENTATIONS = YES;
				CLANG_WARN_DIRECT_OBJC_ISA_USAGE = YES_ERROR;
				CLANG_WARN_DOCUMENTATION_COMMENTS = YES;
				CLANG_WARN_EMPTY_BODY = YES;
				CLANG_WARN_ENUM_CONVERSION = YES;
				CLANG_WARN_INFINITE_RECURSION = YES;
				CLANG_WARN_INT_CONVERSION = YES;
				CLANG_WARN_NON_LITERAL_NULL_CONVERSION = YES;
				CLANG_WARN_OBJC_IMPLICIT_RETAIN_SELF = YES;
				CLANG_WARN_OBJC_LITERAL_CONVERSION = YES;
				CLANG_WARN_OBJC_ROOT_CLASS = YES_ERROR;
				CLANG_WARN_QUOTED_INCLUDE_IN_FRAMEWORK_HEADER = YES;
				CLANG_WARN_RANGE_LOOP_ANALYSIS = YES;
				CLANG_WARN_STRICT_PROTOTYPES = YES;
				CLANG_WARN_SUSPICIOUS_MOVE = YES;
				CLANG_WARN_UNGUARDED_AVAILABILITY = YES_AGGRESSIVE;
				CLANG_WARN_UNREACHABLE_CODE = YES;
				CLANG_WARN__DUPLICATE_METHOD_MATCH = YES;
				COPY_PHASE_STRIP = NO;
				DEBUG_INFORMATION_FORMAT = dwarf;
				ENABLE_STRICT_OBJC_MSGSEND = YES;
				ENABLE_TESTABILITY = YES;
				GCC_C_LANGUAGE_STANDARD = gnu11;
				GCC_DYNAMIC_NO_PIC = NO;
				GCC_NO_COMMON_BLOCKS = YES;
				GCC_OPTIMIZATION_LEVEL = 0;
				GCC_PREPROCESSOR_DEFINITIONS = (
					"DEBUG=1",
					"$(inherited)",
				);
				GCC_WARN_64_TO_32_BIT_CONVERSION = YES;
				GCC_WARN_ABOUT_RETURN_TYPE = YES_ERROR;
				GCC_WARN_UNDECLARED_SELECTOR = YES;
				GCC_WARN_UNINITIALIZED_AUTOS = YES_AGGRESSIVE;
				GCC_WARN_UNUSED_FUNCTION = YES;
				GCC_WARN_UNUSED_VARIABLE = YES;
				IPHONEOS_DEPLOYMENT_TARGET = 16.1;
				MTL_ENABLE_DEBUG_INFO = INCLUDE_SOURCE;
				MTL_FAST_MATH = YES;
				ONLY_ACTIVE_ARCH = YES;
				SDKROOT = iphoneos;
				SWIFT_ACTIVE_COMPILATION_CONDITIONS = DEBUG;
				SWIFT_OPTIMIZATION_LEVEL = "-Onone";
			};
			name = Debug;
		};
		8468C7072930E6390060335B /* Release */ = {
			isa = XCBuildConfiguration;
			buildSettings = {
				ALWAYS_SEARCH_USER_PATHS = NO;
				CLANG_ANALYZER_NONNULL = YES;
				CLANG_ANALYZER_NUMBER_OBJECT_CONVERSION = YES_AGGRESSIVE;
				CLANG_CXX_LANGUAGE_STANDARD = "gnu++20";
				CLANG_ENABLE_MODULES = YES;
				CLANG_ENABLE_OBJC_ARC = YES;
				CLANG_ENABLE_OBJC_WEAK = YES;
				CLANG_WARN_BLOCK_CAPTURE_AUTORELEASING = YES;
				CLANG_WARN_BOOL_CONVERSION = YES;
				CLANG_WARN_COMMA = YES;
				CLANG_WARN_CONSTANT_CONVERSION = YES;
				CLANG_WARN_DEPRECATED_OBJC_IMPLEMENTATIONS = YES;
				CLANG_WARN_DIRECT_OBJC_ISA_USAGE = YES_ERROR;
				CLANG_WARN_DOCUMENTATION_COMMENTS = YES;
				CLANG_WARN_EMPTY_BODY = YES;
				CLANG_WARN_ENUM_CONVERSION = YES;
				CLANG_WARN_INFINITE_RECURSION = YES;
				CLANG_WARN_INT_CONVERSION = YES;
				CLANG_WARN_NON_LITERAL_NULL_CONVERSION = YES;
				CLANG_WARN_OBJC_IMPLICIT_RETAIN_SELF = YES;
				CLANG_WARN_OBJC_LITERAL_CONVERSION = YES;
				CLANG_WARN_OBJC_ROOT_CLASS = YES_ERROR;
				CLANG_WARN_QUOTED_INCLUDE_IN_FRAMEWORK_HEADER = YES;
				CLANG_WARN_RANGE_LOOP_ANALYSIS = YES;
				CLANG_WARN_STRICT_PROTOTYPES = YES;
				CLANG_WARN_SUSPICIOUS_MOVE = YES;
				CLANG_WARN_UNGUARDED_AVAILABILITY = YES_AGGRESSIVE;
				CLANG_WARN_UNREACHABLE_CODE = YES;
				CLANG_WARN__DUPLICATE_METHOD_MATCH = YES;
				COPY_PHASE_STRIP = NO;
				DEBUG_INFORMATION_FORMAT = "dwarf-with-dsym";
				ENABLE_NS_ASSERTIONS = NO;
				ENABLE_STRICT_OBJC_MSGSEND = YES;
				GCC_C_LANGUAGE_STANDARD = gnu11;
				GCC_NO_COMMON_BLOCKS = YES;
				GCC_WARN_64_TO_32_BIT_CONVERSION = YES;
				GCC_WARN_ABOUT_RETURN_TYPE = YES_ERROR;
				GCC_WARN_UNDECLARED_SELECTOR = YES;
				GCC_WARN_UNINITIALIZED_AUTOS = YES_AGGRESSIVE;
				GCC_WARN_UNUSED_FUNCTION = YES;
				GCC_WARN_UNUSED_VARIABLE = YES;
				IPHONEOS_DEPLOYMENT_TARGET = 16.1;
				MTL_ENABLE_DEBUG_INFO = NO;
				MTL_FAST_MATH = YES;
				SDKROOT = iphoneos;
				SWIFT_COMPILATION_MODE = wholemodule;
				SWIFT_OPTIMIZATION_LEVEL = "-O";
				VALIDATE_PRODUCT = YES;
			};
			name = Release;
		};
		8468C7092930E6390060335B /* Debug */ = {
			isa = XCBuildConfiguration;
			baseConfigurationReference = A6D75D52897260BE1531FFBA /* Pods-PicMorph.debug.xcconfig */;
			buildSettings = {
				ASSETCATALOG_COMPILER_APPICON_NAME = AppIcon;
				ASSETCATALOG_COMPILER_GLOBAL_ACCENT_COLOR_NAME = AccentColor;
				CODE_SIGN_STYLE = Automatic;
				CURRENT_PROJECT_VERSION = 1;
				DEVELOPMENT_TEAM = QD62J8ZP43;
				GENERATE_INFOPLIST_FILE = YES;
				INFOPLIST_FILE = PicMorph/Info.plist;
				INFOPLIST_KEY_UIApplicationSupportsIndirectInputEvents = YES;
				INFOPLIST_KEY_UILaunchStoryboardName = LaunchScreen;
				INFOPLIST_KEY_UIMainStoryboardFile = Main;
				INFOPLIST_KEY_UISupportedInterfaceOrientations_iPad = "UIInterfaceOrientationPortrait UIInterfaceOrientationPortraitUpsideDown UIInterfaceOrientationLandscapeLeft UIInterfaceOrientationLandscapeRight";
				INFOPLIST_KEY_UISupportedInterfaceOrientations_iPhone = "UIInterfaceOrientationPortrait UIInterfaceOrientationLandscapeLeft UIInterfaceOrientationLandscapeRight";
				LD_RUNPATH_SEARCH_PATHS = (
					"$(inherited)",
					"@executable_path/Frameworks",
				);
				MARKETING_VERSION = 1.0;
				PRODUCT_BUNDLE_IDENTIFIER = alinasee.PicMorph;
				PRODUCT_NAME = "$(TARGET_NAME)";
				SWIFT_EMIT_LOC_STRINGS = YES;
				SWIFT_VERSION = 5.0;
				TARGETED_DEVICE_FAMILY = "1,2";
			};
			name = Debug;
		};
		8468C70A2930E6390060335B /* Release */ = {
			isa = XCBuildConfiguration;
			baseConfigurationReference = 2BE8A5BF693BD7541DEEE31C /* Pods-PicMorph.release.xcconfig */;
			buildSettings = {
				ASSETCATALOG_COMPILER_APPICON_NAME = AppIcon;
				ASSETCATALOG_COMPILER_GLOBAL_ACCENT_COLOR_NAME = AccentColor;
				CODE_SIGN_STYLE = Automatic;
				CURRENT_PROJECT_VERSION = 1;
				DEVELOPMENT_TEAM = QD62J8ZP43;
				GENERATE_INFOPLIST_FILE = YES;
				INFOPLIST_FILE = PicMorph/Info.plist;
				INFOPLIST_KEY_UIApplicationSupportsIndirectInputEvents = YES;
				INFOPLIST_KEY_UILaunchStoryboardName = LaunchScreen;
				INFOPLIST_KEY_UIMainStoryboardFile = Main;
				INFOPLIST_KEY_UISupportedInterfaceOrientations_iPad = "UIInterfaceOrientationPortrait UIInterfaceOrientationPortraitUpsideDown UIInterfaceOrientationLandscapeLeft UIInterfaceOrientationLandscapeRight";
				INFOPLIST_KEY_UISupportedInterfaceOrientations_iPhone = "UIInterfaceOrientationPortrait UIInterfaceOrientationLandscapeLeft UIInterfaceOrientationLandscapeRight";
				LD_RUNPATH_SEARCH_PATHS = (
					"$(inherited)",
					"@executable_path/Frameworks",
				);
				MARKETING_VERSION = 1.0;
				PRODUCT_BUNDLE_IDENTIFIER = alinasee.PicMorph;
				PRODUCT_NAME = "$(TARGET_NAME)";
				SWIFT_EMIT_LOC_STRINGS = YES;
				SWIFT_VERSION = 5.0;
				TARGETED_DEVICE_FAMILY = "1,2";
			};
			name = Release;
		};
/* End XCBuildConfiguration section */

/* Begin XCConfigurationList section */
		8468C6EF2930E6380060335B /* Build configuration list for PBXProject "PicMorph" */ = {
			isa = XCConfigurationList;
			buildConfigurations = (
				8468C7062930E6390060335B /* Debug */,
				8468C7072930E6390060335B /* Release */,
			);
			defaultConfigurationIsVisible = 0;
			defaultConfigurationName = Release;
		};
		8468C7082930E6390060335B /* Build configuration list for PBXNativeTarget "PicMorph" */ = {
			isa = XCConfigurationList;
			buildConfigurations = (
				8468C7092930E6390060335B /* Debug */,
				8468C70A2930E6390060335B /* Release */,
			);
			defaultConfigurationIsVisible = 0;
			defaultConfigurationName = Release;
		};
/* End XCConfigurationList section */
	};
	rootObject = 8468C6EC2930E6380060335B /* Project object */;
}
